
Microsoft Visual Studio Solution File, Format Version 12.00
# Visual Studio 15
VisualStudioVersion = 15.0.27130.2010
MinimumVisualStudioVersion = 10.0.40219.1
Project("{FAE04EC0-301F-11D3-BF4B-00C04F79EFBC}") = "Client", "Client\Client.csproj", "{3D1898C4-5E2C-467C-A3F7-8DFC7332938F}"
EndProject
Project("{FAE04EC0-301F-11D3-BF4B-00C04F79EFBC}") = "CommonObjects", "CommonObjects\CommonObjects.csproj", "{3341A1F3-A693-444F-94B2-894B44823D05}"
EndProject
Project("{FAE04EC0-301F-11D3-BF4B-00C04F79EFBC}") = "Server", "Server\Server.csproj", "{A5594228-E39E-45AB-96E6-3D2935015EFD}"
EndProject
Project("{FAE04EC0-301F-11D3-BF4B-00C04F79EFBC}") = "MyThemes", "MyThemes\MyThemes.csproj", "{BA8C430A-CBDD-40BB-BB83-8B9C8464913F}"
EndProject
Global
	GlobalSection(SolutionConfigurationPlatforms) = preSolution
		Debug|Any CPU = Debug|Any CPU
		Release|Any CPU = Release|Any CPU
	EndGlobalSection
	GlobalSection(ProjectConfigurationPlatforms) = postSolution
		{3D1898C4-5E2C-467C-A3F7-8DFC7332938F}.Debug|Any CPU.ActiveCfg = Debug|Any CPU
		{3D1898C4-5E2C-467C-A3F7-8DFC7332938F}.Debug|Any CPU.Build.0 = Debug|Any CPU
		{3D1898C4-5E2C-467C-A3F7-8DFC7332938F}.Release|Any CPU.ActiveCfg = Release|Any CPU
		{3D1898C4-5E2C-467C-A3F7-8DFC7332938F}.Release|Any CPU.Build.0 = Release|Any CPU
		{3341A1F3-A693-444F-94B2-894B44823D05}.Debug|Any CPU.ActiveCfg = Debug|Any CPU
		{3341A1F3-A693-444F-94B2-894B44823D05}.Debug|Any CPU.Build.0 = Debug|Any CPU
		{3341A1F3-A693-444F-94B2-894B44823D05}.Release|Any CPU.ActiveCfg = Release|Any CPU
		{3341A1F3-A693-444F-94B2-894B44823D05}.Release|Any CPU.Build.0 = Release|Any CPU
		{A5594228-E39E-45AB-96E6-3D2935015EFD}.Debug|Any CPU.ActiveCfg = Debug|Any CPU
		{A5594228-E39E-45AB-96E6-3D2935015EFD}.Debug|Any CPU.Build.0 = Debug|Any CPU
		{A5594228-E39E-45AB-96E6-3D2935015EFD}.Release|Any CPU.ActiveCfg = Release|Any CPU
		{A5594228-E39E-45AB-96E6-3D2935015EFD}.Release|Any CPU.Build.0 = Release|Any CPU
		{BA8C430A-CBDD-40BB-BB83-8B9C8464913F}.Debug|Any CPU.ActiveCfg = Debug|Any CPU
		{BA8C430A-CBDD-40BB-BB83-8B9C8464913F}.Debug|Any CPU.Build.0 = Debug|Any CPU
		{BA8C430A-CBDD-40BB-BB83-8B9C8464913F}.Release|Any CPU.ActiveCfg = Release|Any CPU
		{BA8C430A-CBDD-40BB-BB83-8B9C8464913F}.Release|Any CPU.Build.0 = Release|Any CPU
	EndGlobalSection
	GlobalSection(SolutionProperties) = preSolution
		HideSolutionNode = FALSE
	EndGlobalSection
	GlobalSection(ExtensibilityGlobals) = postSolution
		SolutionGuid = {5F2F7D03-6448-40D2-9717-32595C0D90F2}
	EndGlobalSection
EndGlobal
